
Microsoft Visual Studio Solution File, Format Version 12.00
# Visual Studio Version 16
VisualStudioVersion = 16.0.30413.136
MinimumVisualStudioVersion = 10.0.40219.1
Project("{FAE04EC0-301F-11D3-BF4B-00C04F79EFBC}") = "ProjetoTestandoGit", "ProjetoTestandoGit\ProjetoTestandoGit.csproj", "{F78F585A-5C57-458A-9F25-BBA4FDD2FF82}"
EndProject
Global
	GlobalSection(SolutionConfigurationPlatforms) = preSolution
		Debug|Any CPU = Debug|Any CPU
		Release|Any CPU = Release|Any CPU
	EndGlobalSection
	GlobalSection(ProjectConfigurationPlatforms) = postSolution
		{F78F585A-5C57-458A-9F25-BBA4FDD2FF82}.Debug|Any CPU.ActiveCfg = Debug|Any CPU
		{F78F585A-5C57-458A-9F25-BBA4FDD2FF82}.Debug|Any CPU.Build.0 = Debug|Any CPU
		{F78F585A-5C57-458A-9F25-BBA4FDD2FF82}.Release|Any CPU.ActiveCfg = Release|Any CPU
		{F78F585A-5C57-458A-9F25-BBA4FDD2FF82}.Release|Any CPU.Build.0 = Release|Any CPU
	EndGlobalSection
	GlobalSection(SolutionProperties) = preSolution
		HideSolutionNode = FALSE
	EndGlobalSection
	GlobalSection(ExtensibilityGlobals) = postSolution
		SolutionGuid = {615BA14E-BDC7-4AE5-A863-80063F82302F}
	EndGlobalSection
EndGlobal
